
Microsoft Visual Studio Solution File, Format Version 12.00
# Visual Studio Version 16
VisualStudioVersion = 16.0.32228.343
MinimumVisualStudioVersion = 10.0.40219.1
Project("{FAE04EC0-301F-11D3-BF4B-00C04F79EFBC}") = "ReverseStrings", "ReverseStrings.csproj", "{0477F004-34B3-44F4-87CB-F7B4E032E36D}"
EndProject
Project("{FAE04EC0-301F-11D3-BF4B-00C04F79EFBC}") = "RepeatStrings", "..\RepeatStrings\RepeatStrings.csproj", "{0BAE8762-70B1-467C-8163-CD4AD1E88B26}"
EndProject
Global
	GlobalSection(SolutionConfigurationPlatforms) = preSolution
		Debug|Any CPU = Debug|Any CPU
		Release|Any CPU = Release|Any CPU
	EndGlobalSection
	GlobalSection(ProjectConfigurationPlatforms) = postSolution
		{0477F004-34B3-44F4-87CB-F7B4E032E36D}.Debug|Any CPU.ActiveCfg = Debug|Any CPU
		{0477F004-34B3-44F4-87CB-F7B4E032E36D}.Debug|Any CPU.Build.0 = Debug|Any CPU
		{0477F004-34B3-44F4-87CB-F7B4E032E36D}.Release|Any CPU.ActiveCfg = Release|Any CPU
		{0477F004-34B3-44F4-87CB-F7B4E032E36D}.Release|Any CPU.Build.0 = Release|Any CPU
		{0BAE8762-70B1-467C-8163-CD4AD1E88B26}.Debug|Any CPU.ActiveCfg = Debug|Any CPU
		{0BAE8762-70B1-467C-8163-CD4AD1E88B26}.Debug|Any CPU.Build.0 = Debug|Any CPU
		{0BAE8762-70B1-467C-8163-CD4AD1E88B26}.Release|Any CPU.ActiveCfg = Release|Any CPU
		{0BAE8762-70B1-467C-8163-CD4AD1E88B26}.Release|Any CPU.Build.0 = Release|Any CPU
	EndGlobalSection
	GlobalSection(SolutionProperties) = preSolution
		HideSolutionNode = FALSE
	EndGlobalSection
	GlobalSection(ExtensibilityGlobals) = postSolution
		SolutionGuid = {539118D9-2964-468C-8FE8-375D08A3929E}
	EndGlobalSection
EndGlobal
