
Microsoft Visual Studio Solution File, Format Version 12.00
# Visual Studio Version 17
VisualStudioVersion = 17.1.32228.430
MinimumVisualStudioVersion = 10.0.40219.1
Project("{FAE04EC0-301F-11D3-BF4B-00C04F79EFBC}") = "T01.SumAdjacentEqualNumbers", "T01.SumAdjacentEqualNumbers.csproj", "{1A0454FE-866B-43A5-A7AE-6EB755F176D2}"
EndProject
Project("{FAE04EC0-301F-11D3-BF4B-00C04F79EFBC}") = "GaussTrick", "..\GaussTrick\GaussTrick.csproj", "{787D64C4-4939-466D-B0CF-EF3091ECD16D}"
EndProject
Project("{FAE04EC0-301F-11D3-BF4B-00C04F79EFBC}") = "MergingLists", "..\MergingLists\MergingLists.csproj", "{4026F381-1E2A-40A8-98E7-19598632ABC9}"
EndProject
Project("{FAE04EC0-301F-11D3-BF4B-00C04F79EFBC}") = "ListOfProducts", "..\ListOfProducts\ListOfProducts.csproj", "{B232F683-49A8-4B2A-B444-4C1B82A26886}"
EndProject
Project("{FAE04EC0-301F-11D3-BF4B-00C04F79EFBC}") = "RemoveNegativesAndReverse", "..\RemoveNegativesAndReverse\RemoveNegativesAndReverse.csproj", "{65D13574-AC7C-41F7-A024-A6A3ABA8ACE8}"
EndProject
Project("{FAE04EC0-301F-11D3-BF4B-00C04F79EFBC}") = "ListManipulationBasics", "..\ListManipulationBasics\ListManipulationBasics.csproj", "{2A52FB44-110C-4C3B-A528-76FAB2C12BAF}"
EndProject
Project("{FAE04EC0-301F-11D3-BF4B-00C04F79EFBC}") = "TakeSkipRope", "..\TakeSkipRope\TakeSkipRope.csproj", "{5B7F8C7A-8712-4352-B563-565D17C48716}"
EndProject
Global
	GlobalSection(SolutionConfigurationPlatforms) = preSolution
		Debug|Any CPU = Debug|Any CPU
		Release|Any CPU = Release|Any CPU
	EndGlobalSection
	GlobalSection(ProjectConfigurationPlatforms) = postSolution
		{1A0454FE-866B-43A5-A7AE-6EB755F176D2}.Debug|Any CPU.ActiveCfg = Debug|Any CPU
		{1A0454FE-866B-43A5-A7AE-6EB755F176D2}.Debug|Any CPU.Build.0 = Debug|Any CPU
		{1A0454FE-866B-43A5-A7AE-6EB755F176D2}.Release|Any CPU.ActiveCfg = Release|Any CPU
		{1A0454FE-866B-43A5-A7AE-6EB755F176D2}.Release|Any CPU.Build.0 = Release|Any CPU
		{787D64C4-4939-466D-B0CF-EF3091ECD16D}.Debug|Any CPU.ActiveCfg = Debug|Any CPU
		{787D64C4-4939-466D-B0CF-EF3091ECD16D}.Debug|Any CPU.Build.0 = Debug|Any CPU
		{787D64C4-4939-466D-B0CF-EF3091ECD16D}.Release|Any CPU.ActiveCfg = Release|Any CPU
		{787D64C4-4939-466D-B0CF-EF3091ECD16D}.Release|Any CPU.Build.0 = Release|Any CPU
		{4026F381-1E2A-40A8-98E7-19598632ABC9}.Debug|Any CPU.ActiveCfg = Debug|Any CPU
		{4026F381-1E2A-40A8-98E7-19598632ABC9}.Debug|Any CPU.Build.0 = Debug|Any CPU
		{4026F381-1E2A-40A8-98E7-19598632ABC9}.Release|Any CPU.ActiveCfg = Release|Any CPU
		{4026F381-1E2A-40A8-98E7-19598632ABC9}.Release|Any CPU.Build.0 = Release|Any CPU
		{B232F683-49A8-4B2A-B444-4C1B82A26886}.Debug|Any CPU.ActiveCfg = Debug|Any CPU
		{B232F683-49A8-4B2A-B444-4C1B82A26886}.Debug|Any CPU.Build.0 = Debug|Any CPU
		{B232F683-49A8-4B2A-B444-4C1B82A26886}.Release|Any CPU.ActiveCfg = Release|Any CPU
		{B232F683-49A8-4B2A-B444-4C1B82A26886}.Release|Any CPU.Build.0 = Release|Any CPU
		{65D13574-AC7C-41F7-A024-A6A3ABA8ACE8}.Debug|Any CPU.ActiveCfg = Debug|Any CPU
		{65D13574-AC7C-41F7-A024-A6A3ABA8ACE8}.Debug|Any CPU.Build.0 = Debug|Any CPU
		{65D13574-AC7C-41F7-A024-A6A3ABA8ACE8}.Release|Any CPU.ActiveCfg = Release|Any CPU
		{65D13574-AC7C-41F7-A024-A6A3ABA8ACE8}.Release|Any CPU.Build.0 = Release|Any CPU
		{2A52FB44-110C-4C3B-A528-76FAB2C12BAF}.Debug|Any CPU.ActiveCfg = Debug|Any CPU
		{2A52FB44-110C-4C3B-A528-76FAB2C12BAF}.Debug|Any CPU.Build.0 = Debug|Any CPU
		{2A52FB44-110C-4C3B-A528-76FAB2C12BAF}.Release|Any CPU.ActiveCfg = Release|Any CPU
		{2A52FB44-110C-4C3B-A528-76FAB2C12BAF}.Release|Any CPU.Build.0 = Release|Any CPU
		{5B7F8C7A-8712-4352-B563-565D17C48716}.Debug|Any CPU.ActiveCfg = Debug|Any CPU
		{5B7F8C7A-8712-4352-B563-565D17C48716}.Debug|Any CPU.Build.0 = Debug|Any CPU
		{5B7F8C7A-8712-4352-B563-565D17C48716}.Release|Any CPU.ActiveCfg = Release|Any CPU
		{5B7F8C7A-8712-4352-B563-565D17C48716}.Release|Any CPU.Build.0 = Release|Any CPU
	EndGlobalSection
	GlobalSection(SolutionProperties) = preSolution
		HideSolutionNode = FALSE
	EndGlobalSection
	GlobalSection(ExtensibilityGlobals) = postSolution
		SolutionGuid = {E3835641-1942-4067-91BA-6020C0EC6A8D}
	EndGlobalSection
EndGlobal
